// !$*UTF8*$!
{
	archiveVersion = 1;
	classes = {
	};
	objectVersion = 56;
	objects = {

/* Begin PBXBuildFile section */
		191680AD2BADA69400A9A985 /* MySaf_CloneApp.swift in Sources */ = {isa = PBXBuildFile; fileRef = 191680AC2BADA69400A9A985 /* MySaf_CloneApp.swift */; };
		191680AF2BADA69400A9A985 /* MainView.swift in Sources */ = {isa = PBXBuildFile; fileRef = 191680AE2BADA69400A9A985 /* MainView.swift */; };
		191680B12BADA69500A9A985 /* Assets.xcassets in Resources */ = {isa = PBXBuildFile; fileRef = 191680B02BADA69500A9A985 /* Assets.xcassets */; };
		191680B42BADA69500A9A985 /* Preview Assets.xcassets in Resources */ = {isa = PBXBuildFile; fileRef = 191680B32BADA69500A9A985 /* Preview Assets.xcassets */; };
		191680BC2BADA7D100A9A985 /* HomeView.swift in Sources */ = {isa = PBXBuildFile; fileRef = 191680BB2BADA7D100A9A985 /* HomeView.swift */; };
		191680BE2BADA83400A9A985 /* MpesaView.swift in Sources */ = {isa = PBXBuildFile; fileRef = 191680BD2BADA83400A9A985 /* MpesaView.swift */; };
		191680C02BADA84A00A9A985 /* DiscoverView.swift in Sources */ = {isa = PBXBuildFile; fileRef = 191680BF2BADA84A00A9A985 /* DiscoverView.swift */; };
		191680C22BADA85B00A9A985 /* AccountView.swift in Sources */ = {isa = PBXBuildFile; fileRef = 191680C12BADA85B00A9A985 /* AccountView.swift */; };
		191680C52BADAB7000A9A985 /* UtilitiesView.swift in Sources */ = {isa = PBXBuildFile; fileRef = 191680C42BADAB7000A9A985 /* UtilitiesView.swift */; };
		191680C82BADEDEB00A9A985 /* HomeHeaderView.swift in Sources */ = {isa = PBXBuildFile; fileRef = 191680C72BADEDEB00A9A985 /* HomeHeaderView.swift */; };
		191680CC2BAE022100A9A985 /* UpdatesView.swift in Sources */ = {isa = PBXBuildFile; fileRef = 191680CB2BAE022100A9A985 /* UpdatesView.swift */; };
		191680CE2BAE071800A9A985 /* CarouselGridView.swift in Sources */ = {isa = PBXBuildFile; fileRef = 191680CD2BAE071800A9A985 /* CarouselGridView.swift */; };
		191680D02BAED23700A9A985 /* CarouselImageModel.swift in Sources */ = {isa = PBXBuildFile; fileRef = 191680CF2BAED23700A9A985 /* CarouselImageModel.swift */; };
		191680D32BAED86E00A9A985 /* UpdatesImageModel.swift in Sources */ = {isa = PBXBuildFile; fileRef = 191680D22BAED86E00A9A985 /* UpdatesImageModel.swift */; };
		191680D52BAEDA1500A9A985 /* CardModel.swift in Sources */ = {isa = PBXBuildFile; fileRef = 191680D42BAEDA1500A9A985 /* CardModel.swift */; };
		191680DA2BAEE98E00A9A985 /* HomeCardItemsView.swift in Sources */ = {isa = PBXBuildFile; fileRef = 191680D92BAEE98E00A9A985 /* HomeCardItemsView.swift */; };
		191680DE2BAF1E4F00A9A985 /* DataManager.swift in Sources */ = {isa = PBXBuildFile; fileRef = 191680DD2BAF1E4F00A9A985 /* DataManager.swift */; };
		191680E02BAF1ED400A9A985 /* HomeCardData.swift in Sources */ = {isa = PBXBuildFile; fileRef = 191680DF2BAF1ED400A9A985 /* HomeCardData.swift */; };
		191680E52BAF1FCA00A9A985 /* accountBalances.json in Resources */ = {isa = PBXBuildFile; fileRef = 191680E32BAF1FCA00A9A985 /* accountBalances.json */; };
		191680E72BAF200700A9A985 /* HomeViewViewModel.swift in Sources */ = {isa = PBXBuildFile; fileRef = 191680E62BAF200700A9A985 /* HomeViewViewModel.swift */; };
		19BD3F0E2BAF2927000A1DFD /* AccountBalancesView.swift in Sources */ = {isa = PBXBuildFile; fileRef = 19BD3F0D2BAF2926000A1DFD /* AccountBalancesView.swift */; };
		19BD3F102BAF2FEC000A1DFD /* PageType.swift in Sources */ = {isa = PBXBuildFile; fileRef = 19BD3F0F2BAF2FEC000A1DFD /* PageType.swift */; };
		19BD3F122BAF37A8000A1DFD /* SendMoneyView.swift in Sources */ = {isa = PBXBuildFile; fileRef = 19BD3F112BAF37A8000A1DFD /* SendMoneyView.swift */; };
		19BD3F142BAF37CD000A1DFD /* HomeInternetView.swift in Sources */ = {isa = PBXBuildFile; fileRef = 19BD3F132BAF37CD000A1DFD /* HomeInternetView.swift */; };
		19BD3F162BAF3970000A1DFD /* ChatbotView.swift in Sources */ = {isa = PBXBuildFile; fileRef = 19BD3F152BAF3970000A1DFD /* ChatbotView.swift */; };
		19BD3F182BAF39A4000A1DFD /* LipaNaMpesaView.swift in Sources */ = {isa = PBXBuildFile; fileRef = 19BD3F172BAF39A4000A1DFD /* LipaNaMpesaView.swift */; };
		19BD3F1A2BAF39F6000A1DFD /* DataCallsSMSView.swift in Sources */ = {isa = PBXBuildFile; fileRef = 19BD3F192BAF39F6000A1DFD /* DataCallsSMSView.swift */; };
		19BD3F1C2BAF3A26000A1DFD /* MyUsageView.swift in Sources */ = {isa = PBXBuildFile; fileRef = 19BD3F1B2BAF3A26000A1DFD /* MyUsageView.swift */; };
		19BD3F1E2BAF3A49000A1DFD /* TunukiwaOffersView.swift in Sources */ = {isa = PBXBuildFile; fileRef = 19BD3F1D2BAF3A49000A1DFD /* TunukiwaOffersView.swift */; };
		19BD3F202BAF3A6F000A1DFD /* AirtimeTopupView.swift in Sources */ = {isa = PBXBuildFile; fileRef = 19BD3F1F2BAF3A6F000A1DFD /* AirtimeTopupView.swift */; };
		19BD3F222BAF3A8E000A1DFD /* BongaView.swift in Sources */ = {isa = PBXBuildFile; fileRef = 19BD3F212BAF3A8E000A1DFD /* BongaView.swift */; };
		19BD3F242BAF3AC2000A1DFD /* SHookBundlesView.swift in Sources */ = {isa = PBXBuildFile; fileRef = 19BD3F232BAF3AC2000A1DFD /* SHookBundlesView.swift */; };
		19BD3F282BB095D9000A1DFD /* HotDealsModel.swift in Sources */ = {isa = PBXBuildFile; fileRef = 19BD3F272BB095D9000A1DFD /* HotDealsModel.swift */; };
		19BD3F2A2BB097BD000A1DFD /* homeCardsData.json in Resources */ = {isa = PBXBuildFile; fileRef = 19BD3F292BB097BD000A1DFD /* homeCardsData.json */; };
		19BD3F2C2BB098A2000A1DFD /* HotDealsView.swift in Sources */ = {isa = PBXBuildFile; fileRef = 19BD3F2B2BB098A2000A1DFD /* HotDealsView.swift */; };
		19BD3F2E2BB47237000A1DFD /* AccountBalancesModel.swift in Sources */ = {isa = PBXBuildFile; fileRef = 19BD3F2D2BB47237000A1DFD /* AccountBalancesModel.swift */; };
		19BD3F302BB47321000A1DFD /* AccountBalancesViewModel.swift in Sources */ = {isa = PBXBuildFile; fileRef = 19BD3F2F2BB47321000A1DFD /* AccountBalancesViewModel.swift */; };
		19BD3F322BB5DADA000A1DFD /* MpesaBalanceView.swift in Sources */ = {isa = PBXBuildFile; fileRef = 19BD3F312BB5DADA000A1DFD /* MpesaBalanceView.swift */; };
/* End PBXBuildFile section */

/* Begin PBXFileReference section */
		191680A92BADA69400A9A985 /* MySaf-Clone.app */ = {isa = PBXFileReference; explicitFileType = wrapper.application; includeInIndex = 0; path = "MySaf-Clone.app"; sourceTree = BUILT_PRODUCTS_DIR; };
		191680AC2BADA69400A9A985 /* MySaf_CloneApp.swift */ = {isa = PBXFileReference; lastKnownFileType = sourcecode.swift; path = MySaf_CloneApp.swift; sourceTree = "<group>"; };
		191680AE2BADA69400A9A985 /* MainView.swift */ = {isa = PBXFileReference; lastKnownFileType = sourcecode.swift; path = MainView.swift; sourceTree = "<group>"; };
		191680B02BADA69500A9A985 /* Assets.xcassets */ = {isa = PBXFileReference; lastKnownFileType = folder.assetcatalog; path = Assets.xcassets; sourceTree = "<group>"; };
		191680B32BADA69500A9A985 /* Preview Assets.xcassets */ = {isa = PBXFileReference; lastKnownFileType = folder.assetcatalog; path = "Preview Assets.xcassets"; sourceTree = "<group>"; };
		191680BB2BADA7D100A9A985 /* HomeView.swift */ = {isa = PBXFileReference; lastKnownFileType = sourcecode.swift; path = HomeView.swift; sourceTree = "<group>"; };
		191680BD2BADA83400A9A985 /* MpesaView.swift */ = {isa = PBXFileReference; lastKnownFileType = sourcecode.swift; path = MpesaView.swift; sourceTree = "<group>"; };
		191680BF2BADA84A00A9A985 /* DiscoverView.swift */ = {isa = PBXFileReference; lastKnownFileType = sourcecode.swift; path = DiscoverView.swift; sourceTree = "<group>"; };
		191680C12BADA85B00A9A985 /* AccountView.swift */ = {isa = PBXFileReference; lastKnownFileType = sourcecode.swift; path = AccountView.swift; sourceTree = "<group>"; };
		191680C42BADAB7000A9A985 /* UtilitiesView.swift */ = {isa = PBXFileReference; lastKnownFileType = sourcecode.swift; path = UtilitiesView.swift; sourceTree = "<group>"; };
		191680C72BADEDEB00A9A985 /* HomeHeaderView.swift */ = {isa = PBXFileReference; lastKnownFileType = sourcecode.swift; path = HomeHeaderView.swift; sourceTree = "<group>"; };
		191680CB2BAE022100A9A985 /* UpdatesView.swift */ = {isa = PBXFileReference; lastKnownFileType = sourcecode.swift; path = UpdatesView.swift; sourceTree = "<group>"; };
		191680CD2BAE071800A9A985 /* CarouselGridView.swift */ = {isa = PBXFileReference; lastKnownFileType = sourcecode.swift; path = CarouselGridView.swift; sourceTree = "<group>"; };
		191680CF2BAED23700A9A985 /* CarouselImageModel.swift */ = {isa = PBXFileReference; lastKnownFileType = sourcecode.swift; path = CarouselImageModel.swift; sourceTree = "<group>"; };
		191680D22BAED86E00A9A985 /* UpdatesImageModel.swift */ = {isa = PBXFileReference; lastKnownFileType = sourcecode.swift; path = UpdatesImageModel.swift; sourceTree = "<group>"; };
		191680D42BAEDA1500A9A985 /* CardModel.swift */ = {isa = PBXFileReference; lastKnownFileType = sourcecode.swift; path = CardModel.swift; sourceTree = "<group>"; };
		191680D92BAEE98E00A9A985 /* HomeCardItemsView.swift */ = {isa = PBXFileReference; lastKnownFileType = sourcecode.swift; path = HomeCardItemsView.swift; sourceTree = "<group>"; };
		191680DD2BAF1E4F00A9A985 /* DataManager.swift */ = {isa = PBXFileReference; lastKnownFileType = sourcecode.swift; path = DataManager.swift; sourceTree = "<group>"; };
		191680DF2BAF1ED400A9A985 /* HomeCardData.swift */ = {isa = PBXFileReference; lastKnownFileType = sourcecode.swift; path = HomeCardData.swift; sourceTree = "<group>"; };
		191680E32BAF1FCA00A9A985 /* accountBalances.json */ = {isa = PBXFileReference; fileEncoding = 4; lastKnownFileType = text.json; path = accountBalances.json; sourceTree = "<group>"; };
		191680E62BAF200700A9A985 /* HomeViewViewModel.swift */ = {isa = PBXFileReference; lastKnownFileType = sourcecode.swift; path = HomeViewViewModel.swift; sourceTree = "<group>"; };
		19BD3F0D2BAF2926000A1DFD /* AccountBalancesView.swift */ = {isa = PBXFileReference; lastKnownFileType = sourcecode.swift; path = AccountBalancesView.swift; sourceTree = "<group>"; };
		19BD3F0F2BAF2FEC000A1DFD /* PageType.swift */ = {isa = PBXFileReference; lastKnownFileType = sourcecode.swift; path = PageType.swift; sourceTree = "<group>"; };
		19BD3F112BAF37A8000A1DFD /* SendMoneyView.swift */ = {isa = PBXFileReference; lastKnownFileType = sourcecode.swift; path = SendMoneyView.swift; sourceTree = "<group>"; };
		19BD3F132BAF37CD000A1DFD /* HomeInternetView.swift */ = {isa = PBXFileReference; lastKnownFileType = sourcecode.swift; path = HomeInternetView.swift; sourceTree = "<group>"; };
		19BD3F152BAF3970000A1DFD /* ChatbotView.swift */ = {isa = PBXFileReference; lastKnownFileType = sourcecode.swift; path = ChatbotView.swift; sourceTree = "<group>"; };
		19BD3F172BAF39A4000A1DFD /* LipaNaMpesaView.swift */ = {isa = PBXFileReference; lastKnownFileType = sourcecode.swift; path = LipaNaMpesaView.swift; sourceTree = "<group>"; };
		19BD3F192BAF39F6000A1DFD /* DataCallsSMSView.swift */ = {isa = PBXFileReference; lastKnownFileType = sourcecode.swift; path = DataCallsSMSView.swift; sourceTree = "<group>"; };
		19BD3F1B2BAF3A26000A1DFD /* MyUsageView.swift */ = {isa = PBXFileReference; lastKnownFileType = sourcecode.swift; path = MyUsageView.swift; sourceTree = "<group>"; };
		19BD3F1D2BAF3A49000A1DFD /* TunukiwaOffersView.swift */ = {isa = PBXFileReference; lastKnownFileType = sourcecode.swift; path = TunukiwaOffersView.swift; sourceTree = "<group>"; };
		19BD3F1F2BAF3A6F000A1DFD /* AirtimeTopupView.swift */ = {isa = PBXFileReference; lastKnownFileType = sourcecode.swift; path = AirtimeTopupView.swift; sourceTree = "<group>"; };
		19BD3F212BAF3A8E000A1DFD /* BongaView.swift */ = {isa = PBXFileReference; lastKnownFileType = sourcecode.swift; path = BongaView.swift; sourceTree = "<group>"; };
		19BD3F232BAF3AC2000A1DFD /* SHookBundlesView.swift */ = {isa = PBXFileReference; lastKnownFileType = sourcecode.swift; path = SHookBundlesView.swift; sourceTree = "<group>"; };
		19BD3F272BB095D9000A1DFD /* HotDealsModel.swift */ = {isa = PBXFileReference; lastKnownFileType = sourcecode.swift; path = HotDealsModel.swift; sourceTree = "<group>"; };
		19BD3F292BB097BD000A1DFD /* homeCardsData.json */ = {isa = PBXFileReference; fileEncoding = 4; lastKnownFileType = text.json; name = homeCardsData.json; path = "../../../../Dev and Code/iOS Dev/SwiftUI/MySafaricom-Clone/data/homeCardsData.json"; sourceTree = "<group>"; };
		19BD3F2B2BB098A2000A1DFD /* HotDealsView.swift */ = {isa = PBXFileReference; lastKnownFileType = sourcecode.swift; path = HotDealsView.swift; sourceTree = "<group>"; };
		19BD3F2D2BB47237000A1DFD /* AccountBalancesModel.swift */ = {isa = PBXFileReference; lastKnownFileType = sourcecode.swift; path = AccountBalancesModel.swift; sourceTree = "<group>"; };
		19BD3F2F2BB47321000A1DFD /* AccountBalancesViewModel.swift */ = {isa = PBXFileReference; lastKnownFileType = sourcecode.swift; path = AccountBalancesViewModel.swift; sourceTree = "<group>"; };
		19BD3F312BB5DADA000A1DFD /* MpesaBalanceView.swift */ = {isa = PBXFileReference; lastKnownFileType = sourcecode.swift; path = MpesaBalanceView.swift; sourceTree = "<group>"; };
/* End PBXFileReference section */

/* Begin PBXFrameworksBuildPhase section */
		191680A62BADA69400A9A985 /* Frameworks */ = {
			isa = PBXFrameworksBuildPhase;
			buildActionMask = 2147483647;
			files = (
			);
			runOnlyForDeploymentPostprocessing = 0;
		};
/* End PBXFrameworksBuildPhase section */

/* Begin PBXGroup section */
		191680A02BADA69400A9A985 = {
			isa = PBXGroup;
			children = (
				191680AB2BADA69400A9A985 /* MySaf-Clone */,
				191680AA2BADA69400A9A985 /* Products */,
			);
			sourceTree = "<group>";
		};
		191680AA2BADA69400A9A985 /* Products */ = {
			isa = PBXGroup;
			children = (
				191680A92BADA69400A9A985 /* MySaf-Clone.app */,
			);
			name = Products;
			sourceTree = "<group>";
		};
		191680AB2BADA69400A9A985 /* MySaf-Clone */ = {
			isa = PBXGroup;
			children = (
				191680E12BAF1F9E00A9A985 /* DataFiles */,
				191680DC2BAF1E4000A9A985 /* Services */,
				191680DB2BAEF38400A9A985 /* Resources */,
				191680D12BAED62400A9A985 /* viewmodels */,
				191680C92BADEF3700A9A985 /* models */,
				191680C62BADEDB400A9A985 /* Views */,
				191680B02BADA69500A9A985 /* Assets.xcassets */,
				191680B22BADA69500A9A985 /* Preview Content */,
			);
			path = "MySaf-Clone";
			sourceTree = "<group>";
		};
		191680B22BADA69500A9A985 /* Preview Content */ = {
			isa = PBXGroup;
			children = (
				191680B32BADA69500A9A985 /* Preview Assets.xcassets */,
			);
			path = "Preview Content";
			sourceTree = "<group>";
		};
		191680C62BADEDB400A9A985 /* Views */ = {
			isa = PBXGroup;
			children = (
				19BD3F0C2BAF28CE000A1DFD /* utilities */,
				19BD3F0B2BAF28AA000A1DFD /* otherViews */,
				19BD3F0A2BAF286D000A1DFD /* core */,
				19BD3F092BAF280A000A1DFD /* account */,
				19BD3F082BAF27FD000A1DFD /* discover */,
				19BD3F072BAF27F3000A1DFD /* mpesa */,
				19BD3F062BAF27EC000A1DFD /* home */,
			);
			path = Views;
			sourceTree = "<group>";
		};
		191680C92BADEF3700A9A985 /* models */ = {
			isa = PBXGroup;
			children = (
				191680D62BAEDA1900A9A985 /* home */,
				19BD3F0F2BAF2FEC000A1DFD /* PageType.swift */,
			);
			path = models;
			sourceTree = "<group>";
		};
		191680D12BAED62400A9A985 /* viewmodels */ = {
			isa = PBXGroup;
			children = (
				191680E62BAF200700A9A985 /* HomeViewViewModel.swift */,
				19BD3F2F2BB47321000A1DFD /* AccountBalancesViewModel.swift */,
			);
			path = viewmodels;
			sourceTree = "<group>";
		};
		191680D62BAEDA1900A9A985 /* home */ = {
			isa = PBXGroup;
			children = (
				191680CF2BAED23700A9A985 /* CarouselImageModel.swift */,
				191680D22BAED86E00A9A985 /* UpdatesImageModel.swift */,
				191680D42BAEDA1500A9A985 /* CardModel.swift */,
				191680DF2BAF1ED400A9A985 /* HomeCardData.swift */,
				19BD3F272BB095D9000A1DFD /* HotDealsModel.swift */,
				19BD3F2D2BB47237000A1DFD /* AccountBalancesModel.swift */,
			);
			path = home;
			sourceTree = "<group>";
		};
		191680DB2BAEF38400A9A985 /* Resources */ = {
			isa = PBXGroup;
			children = (
			);
			path = Resources;
			sourceTree = "<group>";
		};
		191680DC2BAF1E4000A9A985 /* Services */ = {
			isa = PBXGroup;
			children = (
				191680DD2BAF1E4F00A9A985 /* DataManager.swift */,
			);
			path = Services;
			sourceTree = "<group>";
		};
		191680E12BAF1F9E00A9A985 /* DataFiles */ = {
			isa = PBXGroup;
			children = (
				191680E32BAF1FCA00A9A985 /* accountBalances.json */,
				19BD3F292BB097BD000A1DFD /* homeCardsData.json */,
			);
			path = DataFiles;
			sourceTree = "<group>";
		};
		19BD3F062BAF27EC000A1DFD /* home */ = {
			isa = PBXGroup;
			children = (
				191680BB2BADA7D100A9A985 /* HomeView.swift */,
				191680C72BADEDEB00A9A985 /* HomeHeaderView.swift */,
				191680CB2BAE022100A9A985 /* UpdatesView.swift */,
				191680CD2BAE071800A9A985 /* CarouselGridView.swift */,
				191680D92BAEE98E00A9A985 /* HomeCardItemsView.swift */,
				19BD3F2B2BB098A2000A1DFD /* HotDealsView.swift */,
			);
			path = home;
			sourceTree = "<group>";
		};
		19BD3F072BAF27F3000A1DFD /* mpesa */ = {
			isa = PBXGroup;
			children = (
				191680BD2BADA83400A9A985 /* MpesaView.swift */,
				19BD3F172BAF39A4000A1DFD /* LipaNaMpesaView.swift */,
				19BD3F312BB5DADA000A1DFD /* MpesaBalanceView.swift */,
			);
			path = mpesa;
			sourceTree = "<group>";
		};
		19BD3F082BAF27FD000A1DFD /* discover */ = {
			isa = PBXGroup;
			children = (
				191680BF2BADA84A00A9A985 /* DiscoverView.swift */,
			);
			path = discover;
			sourceTree = "<group>";
		};
		19BD3F092BAF280A000A1DFD /* account */ = {
			isa = PBXGroup;
			children = (
				191680C12BADA85B00A9A985 /* AccountView.swift */,
			);
			path = account;
			sourceTree = "<group>";
		};
		19BD3F0A2BAF286D000A1DFD /* core */ = {
			isa = PBXGroup;
			children = (
				191680AC2BADA69400A9A985 /* MySaf_CloneApp.swift */,
				191680AE2BADA69400A9A985 /* MainView.swift */,
			);
			path = core;
			sourceTree = "<group>";
		};
		19BD3F0B2BAF28AA000A1DFD /* otherViews */ = {
			isa = PBXGroup;
			children = (
				19BD3F0D2BAF2926000A1DFD /* AccountBalancesView.swift */,
				19BD3F112BAF37A8000A1DFD /* SendMoneyView.swift */,
				19BD3F132BAF37CD000A1DFD /* HomeInternetView.swift */,
				19BD3F152BAF3970000A1DFD /* ChatbotView.swift */,
				19BD3F192BAF39F6000A1DFD /* DataCallsSMSView.swift */,
				19BD3F1B2BAF3A26000A1DFD /* MyUsageView.swift */,
				19BD3F1D2BAF3A49000A1DFD /* TunukiwaOffersView.swift */,
				19BD3F1F2BAF3A6F000A1DFD /* AirtimeTopupView.swift */,
				19BD3F212BAF3A8E000A1DFD /* BongaView.swift */,
				19BD3F232BAF3AC2000A1DFD /* SHookBundlesView.swift */,
			);
			path = otherViews;
			sourceTree = "<group>";
		};
		19BD3F0C2BAF28CE000A1DFD /* utilities */ = {
			isa = PBXGroup;
			children = (
				191680C42BADAB7000A9A985 /* UtilitiesView.swift */,
			);
			path = utilities;
			sourceTree = "<group>";
		};
/* End PBXGroup section */

/* Begin PBXNativeTarget section */
		191680A82BADA69400A9A985 /* MySaf-Clone */ = {
			isa = PBXNativeTarget;
			buildConfigurationList = 191680B72BADA69500A9A985 /* Build configuration list for PBXNativeTarget "MySaf-Clone" */;
			buildPhases = (
				191680A52BADA69400A9A985 /* Sources */,
				191680A62BADA69400A9A985 /* Frameworks */,
				191680A72BADA69400A9A985 /* Resources */,
			);
			buildRules = (
			);
			dependencies = (
			);
			name = "MySaf-Clone";
			productName = "MySaf-Clone";
			productReference = 191680A92BADA69400A9A985 /* MySaf-Clone.app */;
			productType = "com.apple.product-type.application";
		};
/* End PBXNativeTarget section */

/* Begin PBXProject section */
		191680A12BADA69400A9A985 /* Project object */ = {
			isa = PBXProject;
			attributes = {
				BuildIndependentTargetsInParallel = 1;
				LastSwiftUpdateCheck = 1530;
				LastUpgradeCheck = 1530;
				TargetAttributes = {
					191680A82BADA69400A9A985 = {
						CreatedOnToolsVersion = 15.3;
					};
				};
			};
			buildConfigurationList = 191680A42BADA69400A9A985 /* Build configuration list for PBXProject "MySaf-Clone" */;
			compatibilityVersion = "Xcode 14.0";
			developmentRegion = en;
			hasScannedForEncodings = 0;
			knownRegions = (
				en,
				Base,
			);
			mainGroup = 191680A02BADA69400A9A985;
			productRefGroup = 191680AA2BADA69400A9A985 /* Products */;
			projectDirPath = "";
			projectRoot = "";
			targets = (
				191680A82BADA69400A9A985 /* MySaf-Clone */,
			);
		};
/* End PBXProject section */

/* Begin PBXResourcesBuildPhase section */
		191680A72BADA69400A9A985 /* Resources */ = {
			isa = PBXResourcesBuildPhase;
			buildActionMask = 2147483647;
			files = (
				191680B42BADA69500A9A985 /* Preview Assets.xcassets in Resources */,
				191680E52BAF1FCA00A9A985 /* accountBalances.json in Resources */,
				19BD3F2A2BB097BD000A1DFD /* homeCardsData.json in Resources */,
				191680B12BADA69500A9A985 /* Assets.xcassets in Resources */,
			);
			runOnlyForDeploymentPostprocessing = 0;
		};
/* End PBXResourcesBuildPhase section */

/* Begin PBXSourcesBuildPhase section */
		191680A52BADA69400A9A985 /* Sources */ = {
			isa = PBXSourcesBuildPhase;
			buildActionMask = 2147483647;
			files = (
				19BD3F162BAF3970000A1DFD /* ChatbotView.swift in Sources */,
				191680D02BAED23700A9A985 /* CarouselImageModel.swift in Sources */,
				191680DE2BAF1E4F00A9A985 /* DataManager.swift in Sources */,
				191680CC2BAE022100A9A985 /* UpdatesView.swift in Sources */,
				19BD3F142BAF37CD000A1DFD /* HomeInternetView.swift in Sources */,
				19BD3F122BAF37A8000A1DFD /* SendMoneyView.swift in Sources */,
				19BD3F182BAF39A4000A1DFD /* LipaNaMpesaView.swift in Sources */,
				191680C22BADA85B00A9A985 /* AccountView.swift in Sources */,
				19BD3F222BAF3A8E000A1DFD /* BongaView.swift in Sources */,
				19BD3F1C2BAF3A26000A1DFD /* MyUsageView.swift in Sources */,
				191680BC2BADA7D100A9A985 /* HomeView.swift in Sources */,
				191680E02BAF1ED400A9A985 /* HomeCardData.swift in Sources */,
				19BD3F2E2BB47237000A1DFD /* AccountBalancesModel.swift in Sources */,
				19BD3F302BB47321000A1DFD /* AccountBalancesViewModel.swift in Sources */,
				191680D32BAED86E00A9A985 /* UpdatesImageModel.swift in Sources */,
				191680AF2BADA69400A9A985 /* MainView.swift in Sources */,
				19BD3F242BAF3AC2000A1DFD /* SHookBundlesView.swift in Sources */,
				191680DA2BAEE98E00A9A985 /* HomeCardItemsView.swift in Sources */,
				19BD3F0E2BAF2927000A1DFD /* AccountBalancesView.swift in Sources */,
				19BD3F282BB095D9000A1DFD /* HotDealsModel.swift in Sources */,
				191680CE2BAE071800A9A985 /* CarouselGridView.swift in Sources */,
				191680C02BADA84A00A9A985 /* DiscoverView.swift in Sources */,
				19BD3F1A2BAF39F6000A1DFD /* DataCallsSMSView.swift in Sources */,
				19BD3F2C2BB098A2000A1DFD /* HotDealsView.swift in Sources */,
				191680C82BADEDEB00A9A985 /* HomeHeaderView.swift in Sources */,
				191680AD2BADA69400A9A985 /* MySaf_CloneApp.swift in Sources */,
				191680BE2BADA83400A9A985 /* MpesaView.swift in Sources */,
				191680D52BAEDA1500A9A985 /* CardModel.swift in Sources */,
				19BD3F322BB5DADA000A1DFD /* MpesaBalanceView.swift in Sources */,
				191680E72BAF200700A9A985 /* HomeViewViewModel.swift in Sources */,
				19BD3F1E2BAF3A49000A1DFD /* TunukiwaOffersView.swift in Sources */,
				19BD3F202BAF3A6F000A1DFD /* AirtimeTopupView.swift in Sources */,
				191680C52BADAB7000A9A985 /* UtilitiesView.swift in Sources */,
				19BD3F102BAF2FEC000A1DFD /* PageType.swift in Sources */,
			);
			runOnlyForDeploymentPostprocessing = 0;
		};
/* End PBXSourcesBuildPhase section */

/* Begin XCBuildConfiguration section */
		191680B52BADA69500A9A985 /* Debug */ = {
			isa = XCBuildConfiguration;
			buildSettings = {
				ALWAYS_SEARCH_USER_PATHS = NO;
				ASSETCATALOG_COMPILER_GENERATE_SWIFT_ASSET_SYMBOL_EXTENSIONS = YES;
				CLANG_ANALYZER_NONNULL = YES;
				CLANG_ANALYZER_NUMBER_OBJECT_CONVERSION = YES_AGGRESSIVE;
				CLANG_CXX_LANGUAGE_STANDARD = "gnu++20";
				CLANG_ENABLE_MODULES = YES;
				CLANG_ENABLE_OBJC_ARC = YES;
				CLANG_ENABLE_OBJC_WEAK = YES;
				CLANG_WARN_BLOCK_CAPTURE_AUTORELEASING = YES;
				CLANG_WARN_BOOL_CONVERSION = YES;
				CLANG_WARN_COMMA = YES;
				CLANG_WARN_CONSTANT_CONVERSION = YES;
				CLANG_WARN_DEPRECATED_OBJC_IMPLEMENTATIONS = YES;
				CLANG_WARN_DIRECT_OBJC_ISA_USAGE = YES_ERROR;
				CLANG_WARN_DOCUMENTATION_COMMENTS = YES;
				CLANG_WARN_EMPTY_BODY = YES;
				CLANG_WARN_ENUM_CONVERSION = YES;
				CLANG_WARN_INFINITE_RECURSION = YES;
				CLANG_WARN_INT_CONVERSION = YES;
				CLANG_WARN_NON_LITERAL_NULL_CONVERSION = YES;
				CLANG_WARN_OBJC_IMPLICIT_RETAIN_SELF = YES;
				CLANG_WARN_OBJC_LITERAL_CONVERSION = YES;
				CLANG_WARN_OBJC_ROOT_CLASS = YES_ERROR;
				CLANG_WARN_QUOTED_INCLUDE_IN_FRAMEWORK_HEADER = YES;
				CLANG_WARN_RANGE_LOOP_ANALYSIS = YES;
				CLANG_WARN_STRICT_PROTOTYPES = YES;
				CLANG_WARN_SUSPICIOUS_MOVE = YES;
				CLANG_WARN_UNGUARDED_AVAILABILITY = YES_AGGRESSIVE;
				CLANG_WARN_UNREACHABLE_CODE = YES;
				CLANG_WARN__DUPLICATE_METHOD_MATCH = YES;
				COPY_PHASE_STRIP = NO;
				DEBUG_INFORMATION_FORMAT = dwarf;
				ENABLE_STRICT_OBJC_MSGSEND = YES;
				ENABLE_TESTABILITY = YES;
				ENABLE_USER_SCRIPT_SANDBOXING = YES;
				GCC_C_LANGUAGE_STANDARD = gnu17;
				GCC_DYNAMIC_NO_PIC = NO;
				GCC_NO_COMMON_BLOCKS = YES;
				GCC_OPTIMIZATION_LEVEL = 0;
				GCC_PREPROCESSOR_DEFINITIONS = (
					"DEBUG=1",
					"$(inherited)",
				);
				GCC_WARN_64_TO_32_BIT_CONVERSION = YES;
				GCC_WARN_ABOUT_RETURN_TYPE = YES_ERROR;
				GCC_WARN_UNDECLARED_SELECTOR = YES;
				GCC_WARN_UNINITIALIZED_AUTOS = YES_AGGRESSIVE;
				GCC_WARN_UNUSED_FUNCTION = YES;
				GCC_WARN_UNUSED_VARIABLE = YES;
				IPHONEOS_DEPLOYMENT_TARGET = 17.4;
				LOCALIZATION_PREFERS_STRING_CATALOGS = YES;
				MTL_ENABLE_DEBUG_INFO = INCLUDE_SOURCE;
				MTL_FAST_MATH = YES;
				ONLY_ACTIVE_ARCH = YES;
				SDKROOT = iphoneos;
				SWIFT_ACTIVE_COMPILATION_CONDITIONS = "DEBUG $(inherited)";
				SWIFT_OPTIMIZATION_LEVEL = "-Onone";
			};
			name = Debug;
		};
		191680B62BADA69500A9A985 /* Release */ = {
			isa = XCBuildConfiguration;
			buildSettings = {
				ALWAYS_SEARCH_USER_PATHS = NO;
				ASSETCATALOG_COMPILER_GENERATE_SWIFT_ASSET_SYMBOL_EXTENSIONS = YES;
				CLANG_ANALYZER_NONNULL = YES;
				CLANG_ANALYZER_NUMBER_OBJECT_CONVERSION = YES_AGGRESSIVE;
				CLANG_CXX_LANGUAGE_STANDARD = "gnu++20";
				CLANG_ENABLE_MODULES = YES;
				CLANG_ENABLE_OBJC_ARC = YES;
				CLANG_ENABLE_OBJC_WEAK = YES;
				CLANG_WARN_BLOCK_CAPTURE_AUTORELEASING = YES;
				CLANG_WARN_BOOL_CONVERSION = YES;
				CLANG_WARN_COMMA = YES;
				CLANG_WARN_CONSTANT_CONVERSION = YES;
				CLANG_WARN_DEPRECATED_OBJC_IMPLEMENTATIONS = YES;
				CLANG_WARN_DIRECT_OBJC_ISA_USAGE = YES_ERROR;
				CLANG_WARN_DOCUMENTATION_COMMENTS = YES;
				CLANG_WARN_EMPTY_BODY = YES;
				CLANG_WARN_ENUM_CONVERSION = YES;
				CLANG_WARN_INFINITE_RECURSION = YES;
				CLANG_WARN_INT_CONVERSION = YES;
				CLANG_WARN_NON_LITERAL_NULL_CONVERSION = YES;
				CLANG_WARN_OBJC_IMPLICIT_RETAIN_SELF = YES;
				CLANG_WARN_OBJC_LITERAL_CONVERSION = YES;
				CLANG_WARN_OBJC_ROOT_CLASS = YES_ERROR;
				CLANG_WARN_QUOTED_INCLUDE_IN_FRAMEWORK_HEADER = YES;
				CLANG_WARN_RANGE_LOOP_ANALYSIS = YES;
				CLANG_WARN_STRICT_PROTOTYPES = YES;
				CLANG_WARN_SUSPICIOUS_MOVE = YES;
				CLANG_WARN_UNGUARDED_AVAILABILITY = YES_AGGRESSIVE;
				CLANG_WARN_UNREACHABLE_CODE = YES;
				CLANG_WARN__DUPLICATE_METHOD_MATCH = YES;
				COPY_PHASE_STRIP = NO;
				DEBUG_INFORMATION_FORMAT = "dwarf-with-dsym";
				ENABLE_NS_ASSERTIONS = NO;
				ENABLE_STRICT_OBJC_MSGSEND = YES;
				ENABLE_USER_SCRIPT_SANDBOXING = YES;
				GCC_C_LANGUAGE_STANDARD = gnu17;
				GCC_NO_COMMON_BLOCKS = YES;
				GCC_WARN_64_TO_32_BIT_CONVERSION = YES;
				GCC_WARN_ABOUT_RETURN_TYPE = YES_ERROR;
				GCC_WARN_UNDECLARED_SELECTOR = YES;
				GCC_WARN_UNINITIALIZED_AUTOS = YES_AGGRESSIVE;
				GCC_WARN_UNUSED_FUNCTION = YES;
				GCC_WARN_UNUSED_VARIABLE = YES;
				IPHONEOS_DEPLOYMENT_TARGET = 17.4;
				LOCALIZATION_PREFERS_STRING_CATALOGS = YES;
				MTL_ENABLE_DEBUG_INFO = NO;
				MTL_FAST_MATH = YES;
				SDKROOT = iphoneos;
				SWIFT_COMPILATION_MODE = wholemodule;
				VALIDATE_PRODUCT = YES;
			};
			name = Release;
		};
		191680B82BADA69500A9A985 /* Debug */ = {
			isa = XCBuildConfiguration;
			buildSettings = {
				ASSETCATALOG_COMPILER_APPICON_NAME = AppIcon;
				ASSETCATALOG_COMPILER_GLOBAL_ACCENT_COLOR_NAME = AccentColor;
				CODE_SIGN_STYLE = Automatic;
				CURRENT_PROJECT_VERSION = 1;
				DEVELOPMENT_ASSET_PATHS = "\"MySaf-Clone/Preview Content\"";
				DEVELOPMENT_TEAM = P4BNBBU99R;
				ENABLE_PREVIEWS = YES;
				GENERATE_INFOPLIST_FILE = YES;
				INFOPLIST_KEY_UIApplicationSceneManifest_Generation = YES;
				INFOPLIST_KEY_UIApplicationSupportsIndirectInputEvents = YES;
				INFOPLIST_KEY_UILaunchScreen_Generation = YES;
				INFOPLIST_KEY_UISupportedInterfaceOrientations_iPad = "UIInterfaceOrientationPortrait UIInterfaceOrientationPortraitUpsideDown UIInterfaceOrientationLandscapeLeft UIInterfaceOrientationLandscapeRight";
				INFOPLIST_KEY_UISupportedInterfaceOrientations_iPhone = "UIInterfaceOrientationPortrait UIInterfaceOrientationLandscapeLeft UIInterfaceOrientationLandscapeRight";
				LD_RUNPATH_SEARCH_PATHS = (
					"$(inherited)",
					"@executable_path/Frameworks",
				);
				MARKETING_VERSION = 1.0;
				PRODUCT_BUNDLE_IDENTIFIER = "dev.ios.MySaf-Clone";
				PRODUCT_NAME = "$(TARGET_NAME)";
				SWIFT_EMIT_LOC_STRINGS = YES;
				SWIFT_VERSION = 5.0;
				TARGETED_DEVICE_FAMILY = "1,2";
			};
			name = Debug;
		};
		191680B92BADA69500A9A985 /* Release */ = {
			isa = XCBuildConfiguration;
			buildSettings = {
				ASSETCATALOG_COMPILER_APPICON_NAME = AppIcon;
				ASSETCATALOG_COMPILER_GLOBAL_ACCENT_COLOR_NAME = AccentColor;
				CODE_SIGN_STYLE = Automatic;
				CURRENT_PROJECT_VERSION = 1;
				DEVELOPMENT_ASSET_PATHS = "\"MySaf-Clone/Preview Content\"";
				DEVELOPMENT_TEAM = P4BNBBU99R;
				ENABLE_PREVIEWS = YES;
				GENERATE_INFOPLIST_FILE = YES;
				INFOPLIST_KEY_UIApplicationSceneManifest_Generation = YES;
				INFOPLIST_KEY_UIApplicationSupportsIndirectInputEvents = YES;
				INFOPLIST_KEY_UILaunchScreen_Generation = YES;
				INFOPLIST_KEY_UISupportedInterfaceOrientations_iPad = "UIInterfaceOrientationPortrait UIInterfaceOrientationPortraitUpsideDown UIInterfaceOrientationLandscapeLeft UIInterfaceOrientationLandscapeRight";
				INFOPLIST_KEY_UISupportedInterfaceOrientations_iPhone = "UIInterfaceOrientationPortrait UIInterfaceOrientationLandscapeLeft UIInterfaceOrientationLandscapeRight";
				LD_RUNPATH_SEARCH_PATHS = (
					"$(inherited)",
					"@executable_path/Frameworks",
				);
				MARKETING_VERSION = 1.0;
				PRODUCT_BUNDLE_IDENTIFIER = "dev.ios.MySaf-Clone";
				PRODUCT_NAME = "$(TARGET_NAME)";
				SWIFT_EMIT_LOC_STRINGS = YES;
				SWIFT_VERSION = 5.0;
				TARGETED_DEVICE_FAMILY = "1,2";
			};
			name = Release;
		};
/* End XCBuildConfiguration section */

/* Begin XCConfigurationList section */
		191680A42BADA69400A9A985 /* Build configuration list for PBXProject "MySaf-Clone" */ = {
			isa = XCConfigurationList;
			buildConfigurations = (
				191680B52BADA69500A9A985 /* Debug */,
				191680B62BADA69500A9A985 /* Release */,
			);
			defaultConfigurationIsVisible = 0;
			defaultConfigurationName = Release;
		};
		191680B72BADA69500A9A985 /* Build configuration list for PBXNativeTarget "MySaf-Clone" */ = {
			isa = XCConfigurationList;
			buildConfigurations = (
				191680B82BADA69500A9A985 /* Debug */,
				191680B92BADA69500A9A985 /* Release */,
			);
			defaultConfigurationIsVisible = 0;
			defaultConfigurationName = Release;
		};
/* End XCConfigurationList section */
	};
	rootObject = 191680A12BADA69400A9A985 /* Project object */;
}
